<?xml version="1.0" encoding="utf-8"?>
<Project ToolsVersion="4.0" xmlns="http://schemas.microsoft.com/developer/msbuild/2003">
  <ItemGroup>
    <Filter Include="Source Files"><UniqueIdentifier>{C89C1730-5AB4-47D6-B21A-9C9679472836}</UniqueIdentifier></Filter>
    <Filter Include="Header Files"><UniqueIdentifier>{A2291B1D-E9B6-44A7-9A47-BDA6C87F7729}</UniqueIdentifier></Filter>
    <Filter Include="Resource Files"><UniqueIdentifier>{E880E166-5505-4A23-A508-6F164D7770EF}</UniqueIdentifier></Filter>
  </ItemGroup>
  <ItemGroup>
    <ClCompile Include="src\main_win32.c"><Filter>Source Files</Filter></ClCompile>
    <ClCompile Include="..\common\crypticpassword_core.c"><Filter>Source Files</Filter></ClCompile>
  </ItemGroup>
  <ItemGroup>
    <ClInclude Include="src\resource.h"><Filter>Header Files</Filter></ClInclude>
    <ClInclude Include="..\common\crypticpassword_core.h"><Filter>Header Files</Filter></ClInclude>
  </ItemGroup>
  <ItemGroup>
    <ResourceCompile Include="src\app.rc"><Filter>Resource Files</Filter></ResourceCompile>
    <Manifest Include="src\app.manifest"><Filter>Resource Files</Filter></Manifest>
  </ItemGroup>
</Project>
